// !$*UTF8*$!
{
	archiveVersion = 1;
	classes = {
	};
	objectVersion = 56;
	objects = {

/* Begin PBXBuildFile section */
		AE347E352BA8C056000C6F49 /* AppDelegate.swift in Sources */ = {isa = PBXBuildFile; fileRef = AE347E342BA8C056000C6F49 /* AppDelegate.swift */; };
		AE347E372BA8C056000C6F49 /* SceneDelegate.swift in Sources */ = {isa = PBXBuildFile; fileRef = AE347E362BA8C056000C6F49 /* SceneDelegate.swift */; };
		AE347E392BA8C056000C6F49 /* PrefixSearchViewController.swift in Sources */ = {isa = PBXBuildFile; fileRef = AE347E382BA8C056000C6F49 /* PrefixSearchViewController.swift */; };
		AE347E3C2BA8C056000C6F49 /* Main.storyboard in Resources */ = {isa = PBXBuildFile; fileRef = AE347E3A2BA8C056000C6F49 /* Main.storyboard */; };
		AE347E3E2BA8C057000C6F49 /* Assets.xcassets in Resources */ = {isa = PBXBuildFile; fileRef = AE347E3D2BA8C057000C6F49 /* Assets.xcassets */; };
		AE347E412BA8C057000C6F49 /* LaunchScreen.storyboard in Resources */ = {isa = PBXBuildFile; fileRef = AE347E3F2BA8C057000C6F49 /* LaunchScreen.storyboard */; };
		AE347E492BA8C09E000C6F49 /* Trie.swift in Sources */ = {isa = PBXBuildFile; fileRef = AE347E482BA8C09E000C6F49 /* Trie.swift */; };
		AE347E4C2BA8C2A1000C6F49 /* TrieNode.swift in Sources */ = {isa = PBXBuildFile; fileRef = AE347E4B2BA8C2A1000C6F49 /* TrieNode.swift */; };
		AE347E4E2BA8C2B4000C6F49 /* TrieTest.swift in Sources */ = {isa = PBXBuildFile; fileRef = AE347E4D2BA8C2B4000C6F49 /* TrieTest.swift */; };
		AE347E502BA8E622000C6F49 /* WordListModel.swift in Sources */ = {isa = PBXBuildFile; fileRef = AE347E4F2BA8E622000C6F49 /* WordListModel.swift */; };
/* End PBXBuildFile section */

/* Begin PBXFileReference section */
		AE347E312BA8C056000C6F49 /* SearchByTrie.app */ = {isa = PBXFileReference; explicitFileType = wrapper.application; includeInIndex = 0; path = SearchByTrie.app; sourceTree = BUILT_PRODUCTS_DIR; };
		AE347E342BA8C056000C6F49 /* AppDelegate.swift */ = {isa = PBXFileReference; lastKnownFileType = sourcecode.swift; path = AppDelegate.swift; sourceTree = "<group>"; };
		AE347E362BA8C056000C6F49 /* SceneDelegate.swift */ = {isa = PBXFileReference; lastKnownFileType = sourcecode.swift; path = SceneDelegate.swift; sourceTree = "<group>"; };
		AE347E382BA8C056000C6F49 /* PrefixSearchViewController.swift */ = {isa = PBXFileReference; lastKnownFileType = sourcecode.swift; path = PrefixSearchViewController.swift; sourceTree = "<group>"; };
		AE347E3B2BA8C056000C6F49 /* Base */ = {isa = PBXFileReference; lastKnownFileType = file.storyboard; name = Base; path = Base.lproj/Main.storyboard; sourceTree = "<group>"; };
		AE347E3D2BA8C057000C6F49 /* Assets.xcassets */ = {isa = PBXFileReference; lastKnownFileType = folder.assetcatalog; path = Assets.xcassets; sourceTree = "<group>"; };
		AE347E402BA8C057000C6F49 /* Base */ = {isa = PBXFileReference; lastKnownFileType = file.storyboard; name = Base; path = Base.lproj/LaunchScreen.storyboard; sourceTree = "<group>"; };
		AE347E422BA8C057000C6F49 /* Info.plist */ = {isa = PBXFileReference; lastKnownFileType = text.plist.xml; path = Info.plist; sourceTree = "<group>"; };
		AE347E482BA8C09E000C6F49 /* Trie.swift */ = {isa = PBXFileReference; lastKnownFileType = sourcecode.swift; path = Trie.swift; sourceTree = "<group>"; };
		AE347E4B2BA8C2A1000C6F49 /* TrieNode.swift */ = {isa = PBXFileReference; lastKnownFileType = sourcecode.swift; path = TrieNode.swift; sourceTree = "<group>"; };
		AE347E4D2BA8C2B4000C6F49 /* TrieTest.swift */ = {isa = PBXFileReference; lastKnownFileType = sourcecode.swift; path = TrieTest.swift; sourceTree = "<group>"; };
		AE347E4F2BA8E622000C6F49 /* WordListModel.swift */ = {isa = PBXFileReference; lastKnownFileType = sourcecode.swift; path = WordListModel.swift; sourceTree = "<group>"; };
/* End PBXFileReference section */

/* Begin PBXFrameworksBuildPhase section */
		AE347E2E2BA8C056000C6F49 /* Frameworks */ = {
			isa = PBXFrameworksBuildPhase;
			buildActionMask = 2147483647;
			files = (
			);
			runOnlyForDeploymentPostprocessing = 0;
		};
/* End PBXFrameworksBuildPhase section */

/* Begin PBXGroup section */
		AE347E282BA8C056000C6F49 = {
			isa = PBXGroup;
			children = (
				AE347E332BA8C056000C6F49 /* SearchByTrie */,
				AE347E322BA8C056000C6F49 /* Products */,
			);
			sourceTree = "<group>";
		};
		AE347E322BA8C056000C6F49 /* Products */ = {
			isa = PBXGroup;
			children = (
				AE347E312BA8C056000C6F49 /* SearchByTrie.app */,
			);
			name = Products;
			sourceTree = "<group>";
		};
		AE347E332BA8C056000C6F49 /* SearchByTrie */ = {
			isa = PBXGroup;
			children = (
				AE347E342BA8C056000C6F49 /* AppDelegate.swift */,
				AE347E362BA8C056000C6F49 /* SceneDelegate.swift */,
				AE347E382BA8C056000C6F49 /* PrefixSearchViewController.swift */,
				AE347E4F2BA8E622000C6F49 /* WordListModel.swift */,
				AE347E4A2BA8C289000C6F49 /* Trie */,
				AE347E3A2BA8C056000C6F49 /* Main.storyboard */,
				AE347E3D2BA8C057000C6F49 /* Assets.xcassets */,
				AE347E3F2BA8C057000C6F49 /* LaunchScreen.storyboard */,
				AE347E422BA8C057000C6F49 /* Info.plist */,
			);
			path = SearchByTrie;
			sourceTree = "<group>";
		};
		AE347E4A2BA8C289000C6F49 /* Trie */ = {
			isa = PBXGroup;
			children = (
				AE347E482BA8C09E000C6F49 /* Trie.swift */,
				AE347E4B2BA8C2A1000C6F49 /* TrieNode.swift */,
				AE347E4D2BA8C2B4000C6F49 /* TrieTest.swift */,
			);
			path = Trie;
			sourceTree = "<group>";
		};
/* End PBXGroup section */

/* Begin PBXNativeTarget section */
		AE347E302BA8C056000C6F49 /* SearchByTrie */ = {
			isa = PBXNativeTarget;
			buildConfigurationList = AE347E452BA8C057000C6F49 /* Build configuration list for PBXNativeTarget "SearchByTrie" */;
			buildPhases = (
				AE347E2D2BA8C056000C6F49 /* Sources */,
				AE347E2E2BA8C056000C6F49 /* Frameworks */,
				AE347E2F2BA8C056000C6F49 /* Resources */,
			);
			buildRules = (
			);
			dependencies = (
			);
			name = SearchByTrie;
			productName = SearchByTrie;
			productReference = AE347E312BA8C056000C6F49 /* SearchByTrie.app */;
			productType = "com.apple.product-type.application";
		};
/* End PBXNativeTarget section */

/* Begin PBXProject section */
		AE347E292BA8C056000C6F49 /* Project object */ = {
			isa = PBXProject;
			attributes = {
				BuildIndependentTargetsInParallel = 1;
				LastSwiftUpdateCheck = 1510;
				LastUpgradeCheck = 1510;
				TargetAttributes = {
					AE347E302BA8C056000C6F49 = {
						CreatedOnToolsVersion = 15.1;
					};
				};
			};
			buildConfigurationList = AE347E2C2BA8C056000C6F49 /* Build configuration list for PBXProject "SearchByTrie" */;
			compatibilityVersion = "Xcode 14.0";
			developmentRegion = en;
			hasScannedForEncodings = 0;
			knownRegions = (
				en,
				Base,
			);
			mainGroup = AE347E282BA8C056000C6F49;
			productRefGroup = AE347E322BA8C056000C6F49 /* Products */;
			projectDirPath = "";
			projectRoot = "";
			targets = (
				AE347E302BA8C056000C6F49 /* SearchByTrie */,
			);
		};
/* End PBXProject section */

/* Begin PBXResourcesBuildPhase section */
		AE347E2F2BA8C056000C6F49 /* Resources */ = {
			isa = PBXResourcesBuildPhase;
			buildActionMask = 2147483647;
			files = (
				AE347E412BA8C057000C6F49 /* LaunchScreen.storyboard in Resources */,
				AE347E3E2BA8C057000C6F49 /* Assets.xcassets in Resources */,
				AE347E3C2BA8C056000C6F49 /* Main.storyboard in Resources */,
			);
			runOnlyForDeploymentPostprocessing = 0;
		};
/* End PBXResourcesBuildPhase section */

/* Begin PBXSourcesBuildPhase section */
		AE347E2D2BA8C056000C6F49 /* Sources */ = {
			isa = PBXSourcesBuildPhase;
			buildActionMask = 2147483647;
			files = (
				AE347E392BA8C056000C6F49 /* PrefixSearchViewController.swift in Sources */,
				AE347E492BA8C09E000C6F49 /* Trie.swift in Sources */,
				AE347E4C2BA8C2A1000C6F49 /* TrieNode.swift in Sources */,
				AE347E352BA8C056000C6F49 /* AppDelegate.swift in Sources */,
				AE347E372BA8C056000C6F49 /* SceneDelegate.swift in Sources */,
				AE347E4E2BA8C2B4000C6F49 /* TrieTest.swift in Sources */,
				AE347E502BA8E622000C6F49 /* WordListModel.swift in Sources */,
			);
			runOnlyForDeploymentPostprocessing = 0;
		};
/* End PBXSourcesBuildPhase section */

/* Begin PBXVariantGroup section */
		AE347E3A2BA8C056000C6F49 /* Main.storyboard */ = {
			isa = PBXVariantGroup;
			children = (
				AE347E3B2BA8C056000C6F49 /* Base */,
			);
			name = Main.storyboard;
			sourceTree = "<group>";
		};
		AE347E3F2BA8C057000C6F49 /* LaunchScreen.storyboard */ = {
			isa = PBXVariantGroup;
			children = (
				AE347E402BA8C057000C6F49 /* Base */,
			);
			name = LaunchScreen.storyboard;
			sourceTree = "<group>";
		};
/* End PBXVariantGroup section */

/* Begin XCBuildConfiguration section */
		AE347E432BA8C057000C6F49 /* Debug */ = {
			isa = XCBuildConfiguration;
			buildSettings = {
				ALWAYS_SEARCH_USER_PATHS = NO;
				ASSETCATALOG_COMPILER_GENERATE_SWIFT_ASSET_SYMBOL_EXTENSIONS = YES;
				CLANG_ANALYZER_NONNULL = YES;
				CLANG_ANALYZER_NUMBER_OBJECT_CONVERSION = YES_AGGRESSIVE;
				CLANG_CXX_LANGUAGE_STANDARD = "gnu++20";
				CLANG_ENABLE_MODULES = YES;
				CLANG_ENABLE_OBJC_ARC = YES;
				CLANG_ENABLE_OBJC_WEAK = YES;
				CLANG_WARN_BLOCK_CAPTURE_AUTORELEASING = YES;
				CLANG_WARN_BOOL_CONVERSION = YES;
				CLANG_WARN_COMMA = YES;
				CLANG_WARN_CONSTANT_CONVERSION = YES;
				CLANG_WARN_DEPRECATED_OBJC_IMPLEMENTATIONS = YES;
				CLANG_WARN_DIRECT_OBJC_ISA_USAGE = YES_ERROR;
				CLANG_WARN_DOCUMENTATION_COMMENTS = YES;
				CLANG_WARN_EMPTY_BODY = YES;
				CLANG_WARN_ENUM_CONVERSION = YES;
				CLANG_WARN_INFINITE_RECURSION = YES;
				CLANG_WARN_INT_CONVERSION = YES;
				CLANG_WARN_NON_LITERAL_NULL_CONVERSION = YES;
				CLANG_WARN_OBJC_IMPLICIT_RETAIN_SELF = YES;
				CLANG_WARN_OBJC_LITERAL_CONVERSION = YES;
				CLANG_WARN_OBJC_ROOT_CLASS = YES_ERROR;
				CLANG_WARN_QUOTED_INCLUDE_IN_FRAMEWORK_HEADER = YES;
				CLANG_WARN_RANGE_LOOP_ANALYSIS = YES;
				CLANG_WARN_STRICT_PROTOTYPES = YES;
				CLANG_WARN_SUSPICIOUS_MOVE = YES;
				CLANG_WARN_UNGUARDED_AVAILABILITY = YES_AGGRESSIVE;
				CLANG_WARN_UNREACHABLE_CODE = YES;
				CLANG_WARN__DUPLICATE_METHOD_MATCH = YES;
				COPY_PHASE_STRIP = NO;
				DEBUG_INFORMATION_FORMAT = dwarf;
				ENABLE_STRICT_OBJC_MSGSEND = YES;
				ENABLE_TESTABILITY = YES;
				ENABLE_USER_SCRIPT_SANDBOXING = YES;
				GCC_C_LANGUAGE_STANDARD = gnu17;
				GCC_DYNAMIC_NO_PIC = NO;
				GCC_NO_COMMON_BLOCKS = YES;
				GCC_OPTIMIZATION_LEVEL = 0;
				GCC_PREPROCESSOR_DEFINITIONS = (
					"DEBUG=1",
					"$(inherited)",
				);
				GCC_WARN_64_TO_32_BIT_CONVERSION = YES;
				GCC_WARN_ABOUT_RETURN_TYPE = YES_ERROR;
				GCC_WARN_UNDECLARED_SELECTOR = YES;
				GCC_WARN_UNINITIALIZED_AUTOS = YES_AGGRESSIVE;
				GCC_WARN_UNUSED_FUNCTION = YES;
				GCC_WARN_UNUSED_VARIABLE = YES;
				IPHONEOS_DEPLOYMENT_TARGET = 17.2;
				LOCALIZATION_PREFERS_STRING_CATALOGS = YES;
				MTL_ENABLE_DEBUG_INFO = INCLUDE_SOURCE;
				MTL_FAST_MATH = YES;
				ONLY_ACTIVE_ARCH = YES;
				SDKROOT = iphoneos;
				SWIFT_ACTIVE_COMPILATION_CONDITIONS = "DEBUG $(inherited)";
				SWIFT_OPTIMIZATION_LEVEL = "-Onone";
			};
			name = Debug;
		};
		AE347E442BA8C057000C6F49 /* Release */ = {
			isa = XCBuildConfiguration;
			buildSettings = {
				ALWAYS_SEARCH_USER_PATHS = NO;
				ASSETCATALOG_COMPILER_GENERATE_SWIFT_ASSET_SYMBOL_EXTENSIONS = YES;
				CLANG_ANALYZER_NONNULL = YES;
				CLANG_ANALYZER_NUMBER_OBJECT_CONVERSION = YES_AGGRESSIVE;
				CLANG_CXX_LANGUAGE_STANDARD = "gnu++20";
				CLANG_ENABLE_MODULES = YES;
				CLANG_ENABLE_OBJC_ARC = YES;
				CLANG_ENABLE_OBJC_WEAK = YES;
				CLANG_WARN_BLOCK_CAPTURE_AUTORELEASING = YES;
				CLANG_WARN_BOOL_CONVERSION = YES;
				CLANG_WARN_COMMA = YES;
				CLANG_WARN_CONSTANT_CONVERSION = YES;
				CLANG_WARN_DEPRECATED_OBJC_IMPLEMENTATIONS = YES;
				CLANG_WARN_DIRECT_OBJC_ISA_USAGE = YES_ERROR;
				CLANG_WARN_DOCUMENTATION_COMMENTS = YES;
				CLANG_WARN_EMPTY_BODY = YES;
				CLANG_WARN_ENUM_CONVERSION = YES;
				CLANG_WARN_INFINITE_RECURSION = YES;
				CLANG_WARN_INT_CONVERSION = YES;
				CLANG_WARN_NON_LITERAL_NULL_CONVERSION = YES;
				CLANG_WARN_OBJC_IMPLICIT_RETAIN_SELF = YES;
				CLANG_WARN_OBJC_LITERAL_CONVERSION = YES;
				CLANG_WARN_OBJC_ROOT_CLASS = YES_ERROR;
				CLANG_WARN_QUOTED_INCLUDE_IN_FRAMEWORK_HEADER = YES;
				CLANG_WARN_RANGE_LOOP_ANALYSIS = YES;
				CLANG_WARN_STRICT_PROTOTYPES = YES;
				CLANG_WARN_SUSPICIOUS_MOVE = YES;
				CLANG_WARN_UNGUARDED_AVAILABILITY = YES_AGGRESSIVE;
				CLANG_WARN_UNREACHABLE_CODE = YES;
				CLANG_WARN__DUPLICATE_METHOD_MATCH = YES;
				COPY_PHASE_STRIP = NO;
				DEBUG_INFORMATION_FORMAT = "dwarf-with-dsym";
				ENABLE_NS_ASSERTIONS = NO;
				ENABLE_STRICT_OBJC_MSGSEND = YES;
				ENABLE_USER_SCRIPT_SANDBOXING = YES;
				GCC_C_LANGUAGE_STANDARD = gnu17;
				GCC_NO_COMMON_BLOCKS = YES;
				GCC_WARN_64_TO_32_BIT_CONVERSION = YES;
				GCC_WARN_ABOUT_RETURN_TYPE = YES_ERROR;
				GCC_WARN_UNDECLARED_SELECTOR = YES;
				GCC_WARN_UNINITIALIZED_AUTOS = YES_AGGRESSIVE;
				GCC_WARN_UNUSED_FUNCTION = YES;
				GCC_WARN_UNUSED_VARIABLE = YES;
				IPHONEOS_DEPLOYMENT_TARGET = 17.2;
				LOCALIZATION_PREFERS_STRING_CATALOGS = YES;
				MTL_ENABLE_DEBUG_INFO = NO;
				MTL_FAST_MATH = YES;
				SDKROOT = iphoneos;
				SWIFT_COMPILATION_MODE = wholemodule;
				VALIDATE_PRODUCT = YES;
			};
			name = Release;
		};
		AE347E462BA8C057000C6F49 /* Debug */ = {
			isa = XCBuildConfiguration;
			buildSettings = {
				ASSETCATALOG_COMPILER_APPICON_NAME = AppIcon;
				ASSETCATALOG_COMPILER_GLOBAL_ACCENT_COLOR_NAME = AccentColor;
				CODE_SIGN_STYLE = Automatic;
				CURRENT_PROJECT_VERSION = 1;
				DEVELOPMENT_TEAM = X2N73UHTAA;
				GENERATE_INFOPLIST_FILE = YES;
				INFOPLIST_FILE = SearchByTrie/Info.plist;
				INFOPLIST_KEY_UIApplicationSupportsIndirectInputEvents = YES;
				INFOPLIST_KEY_UILaunchStoryboardName = LaunchScreen;
				INFOPLIST_KEY_UIMainStoryboardFile = Main;
				INFOPLIST_KEY_UISupportedInterfaceOrientations_iPad = "UIInterfaceOrientationPortrait UIInterfaceOrientationPortraitUpsideDown UIInterfaceOrientationLandscapeLeft UIInterfaceOrientationLandscapeRight";
				INFOPLIST_KEY_UISupportedInterfaceOrientations_iPhone = "UIInterfaceOrientationPortrait UIInterfaceOrientationLandscapeLeft UIInterfaceOrientationLandscapeRight";
				LD_RUNPATH_SEARCH_PATHS = (
					"$(inherited)",
					"@executable_path/Frameworks",
				);
				MARKETING_VERSION = 1.0;
				PRODUCT_BUNDLE_IDENTIFIER = UnknownID.SearchByTrie;
				PRODUCT_NAME = "$(TARGET_NAME)";
				SWIFT_EMIT_LOC_STRINGS = YES;
				SWIFT_VERSION = 5.0;
				TARGETED_DEVICE_FAMILY = "1,2";
			};
			name = Debug;
		};
		AE347E472BA8C057000C6F49 /* Release */ = {
			isa = XCBuildConfiguration;
			buildSettings = {
				ASSETCATALOG_COMPILER_APPICON_NAME = AppIcon;
				ASSETCATALOG_COMPILER_GLOBAL_ACCENT_COLOR_NAME = AccentColor;
				CODE_SIGN_STYLE = Automatic;
				CURRENT_PROJECT_VERSION = 1;
				DEVELOPMENT_TEAM = X2N73UHTAA;
				GENERATE_INFOPLIST_FILE = YES;
				INFOPLIST_FILE = SearchByTrie/Info.plist;
				INFOPLIST_KEY_UIApplicationSupportsIndirectInputEvents = YES;
				INFOPLIST_KEY_UILaunchStoryboardName = LaunchScreen;
				INFOPLIST_KEY_UIMainStoryboardFile = Main;
				INFOPLIST_KEY_UISupportedInterfaceOrientations_iPad = "UIInterfaceOrientationPortrait UIInterfaceOrientationPortraitUpsideDown UIInterfaceOrientationLandscapeLeft UIInterfaceOrientationLandscapeRight";
				INFOPLIST_KEY_UISupportedInterfaceOrientations_iPhone = "UIInterfaceOrientationPortrait UIInterfaceOrientationLandscapeLeft UIInterfaceOrientationLandscapeRight";
				LD_RUNPATH_SEARCH_PATHS = (
					"$(inherited)",
					"@executable_path/Frameworks",
				);
				MARKETING_VERSION = 1.0;
				PRODUCT_BUNDLE_IDENTIFIER = UnknownID.SearchByTrie;
				PRODUCT_NAME = "$(TARGET_NAME)";
				SWIFT_EMIT_LOC_STRINGS = YES;
				SWIFT_VERSION = 5.0;
				TARGETED_DEVICE_FAMILY = "1,2";
			};
			name = Release;
		};
/* End XCBuildConfiguration section */

/* Begin XCConfigurationList section */
		AE347E2C2BA8C056000C6F49 /* Build configuration list for PBXProject "SearchByTrie" */ = {
			isa = XCConfigurationList;
			buildConfigurations = (
				AE347E432BA8C057000C6F49 /* Debug */,
				AE347E442BA8C057000C6F49 /* Release */,
			);
			defaultConfigurationIsVisible = 0;
			defaultConfigurationName = Release;
		};
		AE347E452BA8C057000C6F49 /* Build configuration list for PBXNativeTarget "SearchByTrie" */ = {
			isa = XCConfigurationList;
			buildConfigurations = (
				AE347E462BA8C057000C6F49 /* Debug */,
				AE347E472BA8C057000C6F49 /* Release */,
			);
			defaultConfigurationIsVisible = 0;
			defaultConfigurationName = Release;
		};
/* End XCConfigurationList section */
	};
	rootObject = AE347E292BA8C056000C6F49 /* Project object */;
}
